
Microsoft Visual Studio Solution File, Format Version 12.00
# Visual Studio Version 16
VisualStudioVersion = 16.0.31729.503
MinimumVisualStudioVersion = 10.0.40219.1
Project("{9A19103F-16F7-4668-BE54-9A1E7A4F7556}") = "FiskeTorvet", "FiskeTorvet\FiskeTorvet.csproj", "{499E5285-0930-4F08-8B9C-2B4B5C80C7CE}"
EndProject
Global
	GlobalSection(SolutionConfigurationPlatforms) = preSolution
		Debug|Any CPU = Debug|Any CPU
		Release|Any CPU = Release|Any CPU
	EndGlobalSection
	GlobalSection(ProjectConfigurationPlatforms) = postSolution
		{499E5285-0930-4F08-8B9C-2B4B5C80C7CE}.Debug|Any CPU.ActiveCfg = Debug|Any CPU
		{499E5285-0930-4F08-8B9C-2B4B5C80C7CE}.Debug|Any CPU.Build.0 = Debug|Any CPU
		{499E5285-0930-4F08-8B9C-2B4B5C80C7CE}.Release|Any CPU.ActiveCfg = Release|Any CPU
		{499E5285-0930-4F08-8B9C-2B4B5C80C7CE}.Release|Any CPU.Build.0 = Release|Any CPU
	EndGlobalSection
	GlobalSection(SolutionProperties) = preSolution
		HideSolutionNode = FALSE
	EndGlobalSection
	GlobalSection(ExtensibilityGlobals) = postSolution
		SolutionGuid = {80866086-34F2-4D07-B5CD-D570248D39F2}
	EndGlobalSection
EndGlobal
